
Microsoft Visual Studio Solution File, Format Version 12.00
# Visual Studio Version 16
VisualStudioVersion = 16.0.29806.167
MinimumVisualStudioVersion = 10.0.40219.1
Project("{FAE04EC0-301F-11D3-BF4B-00C04F79EFBC}") = "CentralIdentityServer.Core", "CentralIdentityServer.Core\CentralIdentityServer.Core.csproj", "{FF701CBC-4DF3-425F-A5B1-44B4C0DFBBE6}"
EndProject
Project("{FAE04EC0-301F-11D3-BF4B-00C04F79EFBC}") = "CentralIdentityServer.Model", "CentralIdentityServer.Model\CentralIdentityServer.Model.csproj", "{3EC09D9A-65EB-42AE-8E23-6D6AAAB6C6D0}"
EndProject
Project("{FAE04EC0-301F-11D3-BF4B-00C04F79EFBC}") = "CentralIdentityServer.Persistence.MongoDB", "CentralIdentityServer.Persistence.MongoDB\CentralIdentityServer.Persistence.MongoDB.csproj", "{9C31310B-9413-4A51-BA90-9B2CC82FD423}"
EndProject
Project("{FAE04EC0-301F-11D3-BF4B-00C04F79EFBC}") = "CentralIdentityServer.Test.Unit", "..\test\CentralIdentityServer.Test.Unit\CentralIdentityServer.Test.Unit.csproj", "{DEBEB43B-ACEF-470A-AD58-B72AC3E75A70}"
EndProject
Project("{FAE04EC0-301F-11D3-BF4B-00C04F79EFBC}") = "CentralIdentityServer.Persistence.Contract", "CentralIdentityServer.Persistence.Contract\CentralIdentityServer.Persistence.Contract.csproj", "{53B4B073-82C7-4EBB-BE7D-B37709F8B62C}"
EndProject
Global
	GlobalSection(SolutionConfigurationPlatforms) = preSolution
		Debug|Any CPU = Debug|Any CPU
		Release|Any CPU = Release|Any CPU
	EndGlobalSection
	GlobalSection(ProjectConfigurationPlatforms) = postSolution
		{FF701CBC-4DF3-425F-A5B1-44B4C0DFBBE6}.Debug|Any CPU.ActiveCfg = Debug|Any CPU
		{FF701CBC-4DF3-425F-A5B1-44B4C0DFBBE6}.Debug|Any CPU.Build.0 = Debug|Any CPU
		{FF701CBC-4DF3-425F-A5B1-44B4C0DFBBE6}.Release|Any CPU.ActiveCfg = Release|Any CPU
		{FF701CBC-4DF3-425F-A5B1-44B4C0DFBBE6}.Release|Any CPU.Build.0 = Release|Any CPU
		{3EC09D9A-65EB-42AE-8E23-6D6AAAB6C6D0}.Debug|Any CPU.ActiveCfg = Debug|Any CPU
		{3EC09D9A-65EB-42AE-8E23-6D6AAAB6C6D0}.Debug|Any CPU.Build.0 = Debug|Any CPU
		{3EC09D9A-65EB-42AE-8E23-6D6AAAB6C6D0}.Release|Any CPU.ActiveCfg = Release|Any CPU
		{3EC09D9A-65EB-42AE-8E23-6D6AAAB6C6D0}.Release|Any CPU.Build.0 = Release|Any CPU
		{9C31310B-9413-4A51-BA90-9B2CC82FD423}.Debug|Any CPU.ActiveCfg = Debug|Any CPU
		{9C31310B-9413-4A51-BA90-9B2CC82FD423}.Debug|Any CPU.Build.0 = Debug|Any CPU
		{9C31310B-9413-4A51-BA90-9B2CC82FD423}.Release|Any CPU.ActiveCfg = Release|Any CPU
		{9C31310B-9413-4A51-BA90-9B2CC82FD423}.Release|Any CPU.Build.0 = Release|Any CPU
		{DEBEB43B-ACEF-470A-AD58-B72AC3E75A70}.Debug|Any CPU.ActiveCfg = Debug|Any CPU
		{DEBEB43B-ACEF-470A-AD58-B72AC3E75A70}.Debug|Any CPU.Build.0 = Debug|Any CPU
		{DEBEB43B-ACEF-470A-AD58-B72AC3E75A70}.Release|Any CPU.ActiveCfg = Release|Any CPU
		{DEBEB43B-ACEF-470A-AD58-B72AC3E75A70}.Release|Any CPU.Build.0 = Release|Any CPU
		{53B4B073-82C7-4EBB-BE7D-B37709F8B62C}.Debug|Any CPU.ActiveCfg = Debug|Any CPU
		{53B4B073-82C7-4EBB-BE7D-B37709F8B62C}.Debug|Any CPU.Build.0 = Debug|Any CPU
		{53B4B073-82C7-4EBB-BE7D-B37709F8B62C}.Release|Any CPU.ActiveCfg = Release|Any CPU
		{53B4B073-82C7-4EBB-BE7D-B37709F8B62C}.Release|Any CPU.Build.0 = Release|Any CPU
	EndGlobalSection
	GlobalSection(SolutionProperties) = preSolution
		HideSolutionNode = FALSE
	EndGlobalSection
	GlobalSection(ExtensibilityGlobals) = postSolution
		SolutionGuid = {2BBFA1F7-F02A-47BB-99E7-187BA54628A6}
	EndGlobalSection
EndGlobal
